// !$*UTF8*$!
{
	archiveVersion = 1;
	classes = {
	};
	objectVersion = 46;
	objects = {

/* Begin PBXBuildFile section */
		9AF955BD1CA854CF003E93D9 /* AppDelegate.swift in Sources */ = {isa = PBXBuildFile; fileRef = 9AF955BC1CA854CF003E93D9 /* AppDelegate.swift */; };
		9AF955BF1CA854CF003E93D9 /* ViewController.swift in Sources */ = {isa = PBXBuildFile; fileRef = 9AF955BE1CA854CF003E93D9 /* ViewController.swift */; };
		9AF955C21CA854CF003E93D9 /* Main.storyboard in Resources */ = {isa = PBXBuildFile; fileRef = 9AF955C01CA854CF003E93D9 /* Main.storyboard */; };
		9AF955C41CA854CF003E93D9 /* Assets.xcassets in Resources */ = {isa = PBXBuildFile; fileRef = 9AF955C31CA854CF003E93D9 /* Assets.xcassets */; };
		9AF955C71CA854CF003E93D9 /* LaunchScreen.storyboard in Resources */ = {isa = PBXBuildFile; fileRef = 9AF955C51CA854CF003E93D9 /* LaunchScreen.storyboard */; };
/* End PBXBuildFile section */

/* Begin PBXFileReference section */
		9AF955B91CA854CF003E93D9 /* GradientBackground.app */ = {isa = PBXFileReference; explicitFileType = wrapper.application; includeInIndex = 0; path = GradientBackground.app; sourceTree = BUILT_PRODUCTS_DIR; };
		9AF955BC1CA854CF003E93D9 /* AppDelegate.swift */ = {isa = PBXFileReference; lastKnownFileType = sourcecode.swift; path = AppDelegate.swift; sourceTree = "<group>"; };
		9AF955BE1CA854CF003E93D9 /* ViewController.swift */ = {isa = PBXFileReference; lastKnownFileType = sourcecode.swift; path = ViewController.swift; sourceTree = "<group>"; };
		9AF955C11CA854CF003E93D9 /* Base */ = {isa = PBXFileReference; lastKnownFileType = file.storyboard; name = Base; path = Base.lproj/Main.storyboard; sourceTree = "<group>"; };
		9AF955C31CA854CF003E93D9 /* Assets.xcassets */ = {isa = PBXFileReference; lastKnownFileType = folder.assetcatalog; path = Assets.xcassets; sourceTree = "<group>"; };
		9AF955C61CA854CF003E93D9 /* Base */ = {isa = PBXFileReference; lastKnownFileType = file.storyboard; name = Base; path = Base.lproj/LaunchScreen.storyboard; sourceTree = "<group>"; };
		9AF955C81CA854CF003E93D9 /* Info.plist */ = {isa = PBXFileReference; lastKnownFileType = text.plist.xml; path = Info.plist; sourceTree = "<group>"; };
/* End PBXFileReference section */

/* Begin PBXFrameworksBuildPhase section */
		9AF955B61CA854CF003E93D9 /* Frameworks */ = {
			isa = PBXFrameworksBuildPhase;
			buildActionMask = 2147483647;
			files = (
			);
			runOnlyForDeploymentPostprocessing = 0;
		};
/* End PBXFrameworksBuildPhase section */

/* Begin PBXGroup section */
		9AF955B01CA854CF003E93D9 = {
			isa = PBXGroup;
			children = (
				9AF955BB1CA854CF003E93D9 /* GradientBackground */,
				9AF955BA1CA854CF003E93D9 /* Products */,
			);
			sourceTree = "<group>";
		};
		9AF955BA1CA854CF003E93D9 /* Products */ = {
			isa = PBXGroup;
			children = (
				9AF955B91CA854CF003E93D9 /* GradientBackground.app */,
			);
			name = Products;
			sourceTree = "<group>";
		};
		9AF955BB1CA854CF003E93D9 /* GradientBackground */ = {
			isa = PBXGroup;
			children = (
				9AF955BC1CA854CF003E93D9 /* AppDelegate.swift */,
				9AF955BE1CA854CF003E93D9 /* ViewController.swift */,
				9AF955C01CA854CF003E93D9 /* Main.storyboard */,
				9AF955C31CA854CF003E93D9 /* Assets.xcassets */,
				9AF955C51CA854CF003E93D9 /* LaunchScreen.storyboard */,
				9AF955C81CA854CF003E93D9 /* Info.plist */,
			);
			path = GradientBackground;
			sourceTree = "<group>";
		};
/* End PBXGroup section */

/* Begin PBXNativeTarget section */
		9AF955B81CA854CF003E93D9 /* GradientBackground */ = {
			isa = PBXNativeTarget;
			buildConfigurationList = 9AF955CB1CA854CF003E93D9 /* Build configuration list for PBXNativeTarget "GradientBackground" */;
			buildPhases = (
				9AF955B51CA854CF003E93D9 /* Sources */,
				9AF955B61CA854CF003E93D9 /* Frameworks */,
				9AF955B71CA854CF003E93D9 /* Resources */,
			);
			buildRules = (
			);
			dependencies = (
			);
			name = GradientBackground;
			productName = GradientBackground;
			productReference = 9AF955B91CA854CF003E93D9 /* GradientBackground.app */;
			productType = "com.apple.product-type.application";
		};
/* End PBXNativeTarget section */

/* Begin PBXProject section */
		9AF955B11CA854CF003E93D9 /* Project object */ = {
			isa = PBXProject;
			attributes = {
				LastSwiftUpdateCheck = 0730;
				LastUpgradeCheck = 0730;
				ORGANIZATIONNAME = "Felipe Soares";
				TargetAttributes = {
					9AF955B81CA854CF003E93D9 = {
						CreatedOnToolsVersion = 7.3;
					};
				};
			};
			buildConfigurationList = 9AF955B41CA854CF003E93D9 /* Build configuration list for PBXProject "GradientBackground" */;
			compatibilityVersion = "Xcode 3.2";
			developmentRegion = English;
			hasScannedForEncodings = 0;
			knownRegions = (
				en,
				Base,
			);
			mainGroup = 9AF955B01CA854CF003E93D9;
			productRefGroup = 9AF955BA1CA854CF003E93D9 /* Products */;
			projectDirPath = "";
			projectRoot = "";
			targets = (
				9AF955B81CA854CF003E93D9 /* GradientBackground */,
			);
		};
/* End PBXProject section */

/* Begin PBXResourcesBuildPhase section */
		9AF955B71CA854CF003E93D9 /* Resources */ = {
			isa = PBXResourcesBuildPhase;
			buildActionMask = 2147483647;
			files = (
				9AF955C71CA854CF003E93D9 /* LaunchScreen.storyboard in Resources */,
				9AF955C41CA854CF003E93D9 /* Assets.xcassets in Resources */,
				9AF955C21CA854CF003E93D9 /* Main.storyboard in Resources */,
			);
			runOnlyForDeploymentPostprocessing = 0;
		};
/* End PBXResourcesBuildPhase section */

/* Begin PBXSourcesBuildPhase section */
		9AF955B51CA854CF003E93D9 /* Sources */ = {
			isa = PBXSourcesBuildPhase;
			buildActionMask = 2147483647;
			files = (
				9AF955BF1CA854CF003E93D9 /* ViewController.swift in Sources */,
				9AF955BD1CA854CF003E93D9 /* AppDelegate.swift in Sources */,
			);
			runOnlyForDeploymentPostprocessing = 0;
		};
/* End PBXSourcesBuildPhase section */

/* Begin PBXVariantGroup section */
		9AF955C01CA854CF003E93D9 /* Main.storyboard */ = {
			isa = PBXVariantGroup;
			children = (
				9AF955C11CA854CF003E93D9 /* Base */,
			);
			name = Main.storyboard;
			sourceTree = "<group>";
		};
		9AF955C51CA854CF003E93D9 /* LaunchScreen.storyboard */ = {
			isa = PBXVariantGroup;
			children = (
				9AF955C61CA854CF003E93D9 /* Base */,
			);
			name = LaunchScreen.storyboard;
			sourceTree = "<group>";
		};
/* End PBXVariantGroup section */

/* Begin XCBuildConfiguration section */
		9AF955C91CA854CF003E93D9 /* Debug */ = {
			isa = XCBuildConfiguration;
			buildSettings = {
				ALWAYS_SEARCH_USER_PATHS = NO;
				CLANG_ANALYZER_NONNULL = YES;
				CLANG_CXX_LANGUAGE_STANDARD = "gnu++0x";
				CLANG_CXX_LIBRARY = "libc++";
				CLANG_ENABLE_MODULES = YES;
				CLANG_ENABLE_OBJC_ARC = YES;
				CLANG_WARN_BOOL_CONVERSION = YES;
				CLANG_WARN_CONSTANT_CONVERSION = YES;
				CLANG_WARN_DIRECT_OBJC_ISA_USAGE = YES_ERROR;
				CLANG_WARN_EMPTY_BODY = YES;
				CLANG_WARN_ENUM_CONVERSION = YES;
				CLANG_WARN_INT_CONVERSION = YES;
				CLANG_WARN_OBJC_ROOT_CLASS = YES_ERROR;
				CLANG_WARN_UNREACHABLE_CODE = YES;
				CLANG_WARN__DUPLICATE_METHOD_MATCH = YES;
				"CODE_SIGN_IDENTITY[sdk=iphoneos*]" = "iPhone Developer";
				COPY_PHASE_STRIP = NO;
				DEBUG_INFORMATION_FORMAT = dwarf;
				ENABLE_STRICT_OBJC_MSGSEND = YES;
				ENABLE_TESTABILITY = YES;
				GCC_C_LANGUAGE_STANDARD = gnu99;
				GCC_DYNAMIC_NO_PIC = NO;
				GCC_NO_COMMON_BLOCKS = YES;
				GCC_OPTIMIZATION_LEVEL = 0;
				GCC_PREPROCESSOR_DEFINITIONS = (
					"DEBUG=1",
					"$(inherited)",
				);
				GCC_WARN_64_TO_32_BIT_CONVERSION = YES;
				GCC_WARN_ABOUT_RETURN_TYPE = YES_ERROR;
				GCC_WARN_UNDECLARED_SELECTOR = YES;
				GCC_WARN_UNINITIALIZED_AUTOS = YES_AGGRESSIVE;
				GCC_WARN_UNUSED_FUNCTION = YES;
				GCC_WARN_UNUSED_VARIABLE = YES;
				IPHONEOS_DEPLOYMENT_TARGET = 9.3;
				MTL_ENABLE_DEBUG_INFO = YES;
				ONLY_ACTIVE_ARCH = YES;
				SDKROOT = iphoneos;
				SWIFT_OPTIMIZATION_LEVEL = "-Onone";
				TARGETED_DEVICE_FAMILY = "1,2";
			};
			name = Debug;
		};
		9AF955CA1CA854CF003E93D9 /* Release */ = {
			isa = XCBuildConfiguration;
			buildSettings = {
				ALWAYS_SEARCH_USER_PATHS = NO;
				CLANG_ANALYZER_NONNULL = YES;
				CLANG_CXX_LANGUAGE_STANDARD = "gnu++0x";
				CLANG_CXX_LIBRARY = "libc++";
				CLANG_ENABLE_MODULES = YES;
				CLANG_ENABLE_OBJC_ARC = YES;
				CLANG_WARN_BOOL_CONVERSION = YES;
				CLANG_WARN_CONSTANT_CONVERSION = YES;
				CLANG_WARN_DIRECT_OBJC_ISA_USAGE = YES_ERROR;
				CLANG_WARN_EMPTY_BODY = YES;
				CLANG_WARN_ENUM_CONVERSION = YES;
				CLANG_WARN_INT_CONVERSION = YES;
				CLANG_WARN_OBJC_ROOT_CLASS = YES_ERROR;
				CLANG_WARN_UNREACHABLE_CODE = YES;
				CLANG_WARN__DUPLICATE_METHOD_MATCH = YES;
				"CODE_SIGN_IDENTITY[sdk=iphoneos*]" = "iPhone Developer";
				COPY_PHASE_STRIP = NO;
				DEBUG_INFORMATION_FORMAT = "dwarf-with-dsym";
				ENABLE_NS_ASSERTIONS = NO;
				ENABLE_STRICT_OBJC_MSGSEND = YES;
				GCC_C_LANGUAGE_STANDARD = gnu99;
				GCC_NO_COMMON_BLOCKS = YES;
				GCC_WARN_64_TO_32_BIT_CONVERSION = YES;
				GCC_WARN_ABOUT_RETURN_TYPE = YES_ERROR;
				GCC_WARN_UNDECLARED_SELECTOR = YES;
				GCC_WARN_UNINITIALIZED_AUTOS = YES_AGGRESSIVE;
				GCC_WARN_UNUSED_FUNCTION = YES;
				GCC_WARN_UNUSED_VARIABLE = YES;
				IPHONEOS_DEPLOYMENT_TARGET = 9.3;
				MTL_ENABLE_DEBUG_INFO = NO;
				SDKROOT = iphoneos;
				TARGETED_DEVICE_FAMILY = "1,2";
				VALIDATE_PRODUCT = YES;
			};
			name = Release;
		};
		9AF955CC1CA854CF003E93D9 /* Debug */ = {
			isa = XCBuildConfiguration;
			buildSettings = {
				ASSETCATALOG_COMPILER_APPICON_NAME = AppIcon;
				INFOPLIST_FILE = GradientBackground/Info.plist;
				LD_RUNPATH_SEARCH_PATHS = "$(inherited) @executable_path/Frameworks";
				PRODUCT_BUNDLE_IDENTIFIER = com.felipe.soares.GradientBackground;
				PRODUCT_NAME = "$(TARGET_NAME)";
			};
			name = Debug;
		};
		9AF955CD1CA854CF003E93D9 /* Release */ = {
			isa = XCBuildConfiguration;
			buildSettings = {
				ASSETCATALOG_COMPILER_APPICON_NAME = AppIcon;
				INFOPLIST_FILE = GradientBackground/Info.plist;
				LD_RUNPATH_SEARCH_PATHS = "$(inherited) @executable_path/Frameworks";
				PRODUCT_BUNDLE_IDENTIFIER = com.felipe.soares.GradientBackground;
				PRODUCT_NAME = "$(TARGET_NAME)";
			};
			name = Release;
		};
/* End XCBuildConfiguration section */

/* Begin XCConfigurationList section */
		9AF955B41CA854CF003E93D9 /* Build configuration list for PBXProject "GradientBackground" */ = {
			isa = XCConfigurationList;
			buildConfigurations = (
				9AF955C91CA854CF003E93D9 /* Debug */,
				9AF955CA1CA854CF003E93D9 /* Release */,
			);
			defaultConfigurationIsVisible = 0;
			defaultConfigurationName = Release;
		};
		9AF955CB1CA854CF003E93D9 /* Build configuration list for PBXNativeTarget "GradientBackground" */ = {
			isa = XCConfigurationList;
			buildConfigurations = (
				9AF955CC1CA854CF003E93D9 /* Debug */,
				9AF955CD1CA854CF003E93D9 /* Release */,
			);
			defaultConfigurationIsVisible = 0;
		};
/* End XCConfigurationList section */
	};
	rootObject = 9AF955B11CA854CF003E93D9 /* Project object */;
}
